// !$*UTF8*$!
{
	archiveVersion = 1;
	classes = {
	};
	objectVersion = 46;
	objects = {

/* Begin PBXBuildFile section */
		AAD307AA1B9DFC4400CB6A28 /* main.m in Sources */ = {isa = PBXBuildFile; fileRef = AAD307A91B9DFC4400CB6A28 /* main.m */; };
		AAD307AD1B9DFC4400CB6A28 /* AppDelegate.m in Sources */ = {isa = PBXBuildFile; fileRef = AAD307AC1B9DFC4400CB6A28 /* AppDelegate.m */; };
		AAD307B01B9DFC4400CB6A28 /* ViewController.m in Sources */ = {isa = PBXBuildFile; fileRef = AAD307AF1B9DFC4400CB6A28 /* ViewController.m */; };
		AAD307B31B9DFC4400CB6A28 /* Main.storyboard in Resources */ = {isa = PBXBuildFile; fileRef = AAD307B11B9DFC4400CB6A28 /* Main.storyboard */; };
		AAD307B51B9DFC4400CB6A28 /* Images.xcassets in Resources */ = {isa = PBXBuildFile; fileRef = AAD307B41B9DFC4400CB6A28 /* Images.xcassets */; };
		AAD307B81B9DFC4400CB6A28 /* LaunchScreen.xib in Resources */ = {isa = PBXBuildFile; fileRef = AAD307B61B9DFC4400CB6A28 /* LaunchScreen.xib */; };
		AAD307C41B9DFC4400CB6A28 /* MyScrollViewTests.m in Sources */ = {isa = PBXBuildFile; fileRef = AAD307C31B9DFC4400CB6A28 /* MyScrollViewTests.m */; };
		AAD5EC241B9E062C006A67E3 /* MyScrollView.m in Sources */ = {isa = PBXBuildFile; fileRef = AAD5EC231B9E062C006A67E3 /* MyScrollView.m */; };
/* End PBXBuildFile section */

/* Begin PBXContainerItemProxy section */
		AAD307BE1B9DFC4400CB6A28 /* PBXContainerItemProxy */ = {
			isa = PBXContainerItemProxy;
			containerPortal = AAD3079C1B9DFC4400CB6A28 /* Project object */;
			proxyType = 1;
			remoteGlobalIDString = AAD307A31B9DFC4400CB6A28;
			remoteInfo = MyScrollView;
		};
/* End PBXContainerItemProxy section */

/* Begin PBXFileReference section */
		AAD307A41B9DFC4400CB6A28 /* MyScrollView.app */ = {isa = PBXFileReference; explicitFileType = wrapper.application; includeInIndex = 0; path = MyScrollView.app; sourceTree = BUILT_PRODUCTS_DIR; };
		AAD307A81B9DFC4400CB6A28 /* Info.plist */ = {isa = PBXFileReference; lastKnownFileType = text.plist.xml; path = Info.plist; sourceTree = "<group>"; };
		AAD307A91B9DFC4400CB6A28 /* main.m */ = {isa = PBXFileReference; lastKnownFileType = sourcecode.c.objc; path = main.m; sourceTree = "<group>"; };
		AAD307AB1B9DFC4400CB6A28 /* AppDelegate.h */ = {isa = PBXFileReference; lastKnownFileType = sourcecode.c.h; path = AppDelegate.h; sourceTree = "<group>"; };
		AAD307AC1B9DFC4400CB6A28 /* AppDelegate.m */ = {isa = PBXFileReference; lastKnownFileType = sourcecode.c.objc; path = AppDelegate.m; sourceTree = "<group>"; };
		AAD307AE1B9DFC4400CB6A28 /* ViewController.h */ = {isa = PBXFileReference; lastKnownFileType = sourcecode.c.h; path = ViewController.h; sourceTree = "<group>"; };
		AAD307AF1B9DFC4400CB6A28 /* ViewController.m */ = {isa = PBXFileReference; lastKnownFileType = sourcecode.c.objc; path = ViewController.m; sourceTree = "<group>"; };
		AAD307B21B9DFC4400CB6A28 /* Base */ = {isa = PBXFileReference; lastKnownFileType = file.storyboard; name = Base; path = Base.lproj/Main.storyboard; sourceTree = "<group>"; };
		AAD307B41B9DFC4400CB6A28 /* Images.xcassets */ = {isa = PBXFileReference; lastKnownFileType = folder.assetcatalog; path = Images.xcassets; sourceTree = "<group>"; };
		AAD307B71B9DFC4400CB6A28 /* Base */ = {isa = PBXFileReference; lastKnownFileType = file.xib; name = Base; path = Base.lproj/LaunchScreen.xib; sourceTree = "<group>"; };
		AAD307BD1B9DFC4400CB6A28 /* MyScrollViewTests.xctest */ = {isa = PBXFileReference; explicitFileType = wrapper.cfbundle; includeInIndex = 0; path = MyScrollViewTests.xctest; sourceTree = BUILT_PRODUCTS_DIR; };
		AAD307C21B9DFC4400CB6A28 /* Info.plist */ = {isa = PBXFileReference; lastKnownFileType = text.plist.xml; path = Info.plist; sourceTree = "<group>"; };
		AAD307C31B9DFC4400CB6A28 /* MyScrollViewTests.m */ = {isa = PBXFileReference; lastKnownFileType = sourcecode.c.objc; path = MyScrollViewTests.m; sourceTree = "<group>"; };
		AAD5EC221B9E062C006A67E3 /* MyScrollView.h */ = {isa = PBXFileReference; fileEncoding = 4; lastKnownFileType = sourcecode.c.h; path = MyScrollView.h; sourceTree = "<group>"; };
		AAD5EC231B9E062C006A67E3 /* MyScrollView.m */ = {isa = PBXFileReference; fileEncoding = 4; lastKnownFileType = sourcecode.c.objc; path = MyScrollView.m; sourceTree = "<group>"; };
/* End PBXFileReference section */

/* Begin PBXFrameworksBuildPhase section */
		AAD307A11B9DFC4400CB6A28 /* Frameworks */ = {
			isa = PBXFrameworksBuildPhase;
			buildActionMask = 2147483647;
			files = (
			);
			runOnlyForDeploymentPostprocessing = 0;
		};
		AAD307BA1B9DFC4400CB6A28 /* Frameworks */ = {
			isa = PBXFrameworksBuildPhase;
			buildActionMask = 2147483647;
			files = (
			);
			runOnlyForDeploymentPostprocessing = 0;
		};
/* End PBXFrameworksBuildPhase section */

/* Begin PBXGroup section */
		AAD3079B1B9DFC4400CB6A28 = {
			isa = PBXGroup;
			children = (
				AAD307A61B9DFC4400CB6A28 /* MyScrollView */,
				AAD307C01B9DFC4400CB6A28 /* MyScrollViewTests */,
				AAD307A51B9DFC4400CB6A28 /* Products */,
			);
			sourceTree = "<group>";
		};
		AAD307A51B9DFC4400CB6A28 /* Products */ = {
			isa = PBXGroup;
			children = (
				AAD307A41B9DFC4400CB6A28 /* MyScrollView.app */,
				AAD307BD1B9DFC4400CB6A28 /* MyScrollViewTests.xctest */,
			);
			name = Products;
			sourceTree = "<group>";
		};
		AAD307A61B9DFC4400CB6A28 /* MyScrollView */ = {
			isa = PBXGroup;
			children = (
				AAD307AB1B9DFC4400CB6A28 /* AppDelegate.h */,
				AAD307AC1B9DFC4400CB6A28 /* AppDelegate.m */,
				AAD307AE1B9DFC4400CB6A28 /* ViewController.h */,
				AAD307AF1B9DFC4400CB6A28 /* ViewController.m */,
				AAD307B11B9DFC4400CB6A28 /* Main.storyboard */,
				AAD5EC221B9E062C006A67E3 /* MyScrollView.h */,
				AAD5EC231B9E062C006A67E3 /* MyScrollView.m */,
				AAD307B41B9DFC4400CB6A28 /* Images.xcassets */,
				AAD307B61B9DFC4400CB6A28 /* LaunchScreen.xib */,
				AAD307A71B9DFC4400CB6A28 /* Supporting Files */,
			);
			path = MyScrollView;
			sourceTree = "<group>";
		};
		AAD307A71B9DFC4400CB6A28 /* Supporting Files */ = {
			isa = PBXGroup;
			children = (
				AAD307A81B9DFC4400CB6A28 /* Info.plist */,
				AAD307A91B9DFC4400CB6A28 /* main.m */,
			);
			name = "Supporting Files";
			sourceTree = "<group>";
		};
		AAD307C01B9DFC4400CB6A28 /* MyScrollViewTests */ = {
			isa = PBXGroup;
			children = (
				AAD307C31B9DFC4400CB6A28 /* MyScrollViewTests.m */,
				AAD307C11B9DFC4400CB6A28 /* Supporting Files */,
			);
			path = MyScrollViewTests;
			sourceTree = "<group>";
		};
		AAD307C11B9DFC4400CB6A28 /* Supporting Files */ = {
			isa = PBXGroup;
			children = (
				AAD307C21B9DFC4400CB6A28 /* Info.plist */,
			);
			name = "Supporting Files";
			sourceTree = "<group>";
		};
/* End PBXGroup section */

/* Begin PBXNativeTarget section */
		AAD307A31B9DFC4400CB6A28 /* MyScrollView */ = {
			isa = PBXNativeTarget;
			buildConfigurationList = AAD307C71B9DFC4400CB6A28 /* Build configuration list for PBXNativeTarget "MyScrollView" */;
			buildPhases = (
				AAD307A01B9DFC4400CB6A28 /* Sources */,
				AAD307A11B9DFC4400CB6A28 /* Frameworks */,
				AAD307A21B9DFC4400CB6A28 /* Resources */,
			);
			buildRules = (
			);
			dependencies = (
			);
			name = MyScrollView;
			productName = MyScrollView;
			productReference = AAD307A41B9DFC4400CB6A28 /* MyScrollView.app */;
			productType = "com.apple.product-type.application";
		};
		AAD307BC1B9DFC4400CB6A28 /* MyScrollViewTests */ = {
			isa = PBXNativeTarget;
			buildConfigurationList = AAD307CA1B9DFC4400CB6A28 /* Build configuration list for PBXNativeTarget "MyScrollViewTests" */;
			buildPhases = (
				AAD307B91B9DFC4400CB6A28 /* Sources */,
				AAD307BA1B9DFC4400CB6A28 /* Frameworks */,
				AAD307BB1B9DFC4400CB6A28 /* Resources */,
			);
			buildRules = (
			);
			dependencies = (
				AAD307BF1B9DFC4400CB6A28 /* PBXTargetDependency */,
			);
			name = MyScrollViewTests;
			productName = MyScrollViewTests;
			productReference = AAD307BD1B9DFC4400CB6A28 /* MyScrollViewTests.xctest */;
			productType = "com.apple.product-type.bundle.unit-test";
		};
/* End PBXNativeTarget section */

/* Begin PBXProject section */
		AAD3079C1B9DFC4400CB6A28 /* Project object */ = {
			isa = PBXProject;
			attributes = {
				LastUpgradeCheck = 0640;
				ORGANIZATIONNAME = Steve;
				TargetAttributes = {
					AAD307A31B9DFC4400CB6A28 = {
						CreatedOnToolsVersion = 6.4;
					};
					AAD307BC1B9DFC4400CB6A28 = {
						CreatedOnToolsVersion = 6.4;
						TestTargetID = AAD307A31B9DFC4400CB6A28;
					};
				};
			};
			buildConfigurationList = AAD3079F1B9DFC4400CB6A28 /* Build configuration list for PBXProject "MyScrollView" */;
			compatibilityVersion = "Xcode 3.2";
			developmentRegion = English;
			hasScannedForEncodings = 0;
			knownRegions = (
				en,
				Base,
			);
			mainGroup = AAD3079B1B9DFC4400CB6A28;
			productRefGroup = AAD307A51B9DFC4400CB6A28 /* Products */;
			projectDirPath = "";
			projectRoot = "";
			targets = (
				AAD307A31B9DFC4400CB6A28 /* MyScrollView */,
				AAD307BC1B9DFC4400CB6A28 /* MyScrollViewTests */,
			);
		};
/* End PBXProject section */

/* Begin PBXResourcesBuildPhase section */
		AAD307A21B9DFC4400CB6A28 /* Resources */ = {
			isa = PBXResourcesBuildPhase;
			buildActionMask = 2147483647;
			files = (
				AAD307B31B9DFC4400CB6A28 /* Main.storyboard in Resources */,
				AAD307B81B9DFC4400CB6A28 /* LaunchScreen.xib in Resources */,
				AAD307B51B9DFC4400CB6A28 /* Images.xcassets in Resources */,
			);
			runOnlyForDeploymentPostprocessing = 0;
		};
		AAD307BB1B9DFC4400CB6A28 /* Resources */ = {
			isa = PBXResourcesBuildPhase;
			buildActionMask = 2147483647;
			files = (
			);
			runOnlyForDeploymentPostprocessing = 0;
		};
/* End PBXResourcesBuildPhase section */

/* Begin PBXSourcesBuildPhase section */
		AAD307A01B9DFC4400CB6A28 /* Sources */ = {
			isa = PBXSourcesBuildPhase;
			buildActionMask = 2147483647;
			files = (
				AAD307B01B9DFC4400CB6A28 /* ViewController.m in Sources */,
				AAD5EC241B9E062C006A67E3 /* MyScrollView.m in Sources */,
				AAD307AD1B9DFC4400CB6A28 /* AppDelegate.m in Sources */,
				AAD307AA1B9DFC4400CB6A28 /* main.m in Sources */,
			);
			runOnlyForDeploymentPostprocessing = 0;
		};
		AAD307B91B9DFC4400CB6A28 /* Sources */ = {
			isa = PBXSourcesBuildPhase;
			buildActionMask = 2147483647;
			files = (
				AAD307C41B9DFC4400CB6A28 /* MyScrollViewTests.m in Sources */,
			);
			runOnlyForDeploymentPostprocessing = 0;
		};
/* End PBXSourcesBuildPhase section */

/* Begin PBXTargetDependency section */
		AAD307BF1B9DFC4400CB6A28 /* PBXTargetDependency */ = {
			isa = PBXTargetDependency;
			target = AAD307A31B9DFC4400CB6A28 /* MyScrollView */;
			targetProxy = AAD307BE1B9DFC4400CB6A28 /* PBXContainerItemProxy */;
		};
/* End PBXTargetDependency section */

/* Begin PBXVariantGroup section */
		AAD307B11B9DFC4400CB6A28 /* Main.storyboard */ = {
			isa = PBXVariantGroup;
			children = (
				AAD307B21B9DFC4400CB6A28 /* Base */,
			);
			name = Main.storyboard;
			sourceTree = "<group>";
		};
		AAD307B61B9DFC4400CB6A28 /* LaunchScreen.xib */ = {
			isa = PBXVariantGroup;
			children = (
				AAD307B71B9DFC4400CB6A28 /* Base */,
			);
			name = LaunchScreen.xib;
			sourceTree = "<group>";
		};
/* End PBXVariantGroup section */

/* Begin XCBuildConfiguration section */
		AAD307C51B9DFC4400CB6A28 /* Debug */ = {
			isa = XCBuildConfiguration;
			buildSettings = {
				ALWAYS_SEARCH_USER_PATHS = NO;
				CLANG_CXX_LANGUAGE_STANDARD = "gnu++0x";
				CLANG_CXX_LIBRARY = "libc++";
				CLANG_ENABLE_MODULES = YES;
				CLANG_ENABLE_OBJC_ARC = YES;
				CLANG_WARN_BOOL_CONVERSION = YES;
				CLANG_WARN_CONSTANT_CONVERSION = YES;
				CLANG_WARN_DIRECT_OBJC_ISA_USAGE = YES_ERROR;
				CLANG_WARN_EMPTY_BODY = YES;
				CLANG_WARN_ENUM_CONVERSION = YES;
				CLANG_WARN_INT_CONVERSION = YES;
				CLANG_WARN_OBJC_ROOT_CLASS = YES_ERROR;
				CLANG_WARN_UNREACHABLE_CODE = YES;
				CLANG_WARN__DUPLICATE_METHOD_MATCH = YES;
				"CODE_SIGN_IDENTITY[sdk=iphoneos*]" = "iPhone Developer";
				COPY_PHASE_STRIP = NO;
				DEBUG_INFORMATION_FORMAT = "dwarf-with-dsym";
				ENABLE_STRICT_OBJC_MSGSEND = YES;
				GCC_C_LANGUAGE_STANDARD = gnu99;
				GCC_DYNAMIC_NO_PIC = NO;
				GCC_NO_COMMON_BLOCKS = YES;
				GCC_OPTIMIZATION_LEVEL = 0;
				GCC_PREPROCESSOR_DEFINITIONS = (
					"DEBUG=1",
					"$(inherited)",
				);
				GCC_SYMBOLS_PRIVATE_EXTERN = NO;
				GCC_WARN_64_TO_32_BIT_CONVERSION = YES;
				GCC_WARN_ABOUT_RETURN_TYPE = YES_ERROR;
				GCC_WARN_UNDECLARED_SELECTOR = YES;
				GCC_WARN_UNINITIALIZED_AUTOS = YES_AGGRESSIVE;
				GCC_WARN_UNUSED_FUNCTION = YES;
				GCC_WARN_UNUSED_VARIABLE = YES;
				IPHONEOS_DEPLOYMENT_TARGET = 8.4;
				MTL_ENABLE_DEBUG_INFO = YES;
				ONLY_ACTIVE_ARCH = YES;
				SDKROOT = iphoneos;
			};
			name = Debug;
		};
		AAD307C61B9DFC4400CB6A28 /* Release */ = {
			isa = XCBuildConfiguration;
			buildSettings = {
				ALWAYS_SEARCH_USER_PATHS = NO;
				CLANG_CXX_LANGUAGE_STANDARD = "gnu++0x";
				CLANG_CXX_LIBRARY = "libc++";
				CLANG_ENABLE_MODULES = YES;
				CLANG_ENABLE_OBJC_ARC = YES;
				CLANG_WARN_BOOL_CONVERSION = YES;
				CLANG_WARN_CONSTANT_CONVERSION = YES;
				CLANG_WARN_DIRECT_OBJC_ISA_USAGE = YES_ERROR;
				CLANG_WARN_EMPTY_BODY = YES;
				CLANG_WARN_ENUM_CONVERSION = YES;
				CLANG_WARN_INT_CONVERSION = YES;
				CLANG_WARN_OBJC_ROOT_CLASS = YES_ERROR;
				CLANG_WARN_UNREACHABLE_CODE = YES;
				CLANG_WARN__DUPLICATE_METHOD_MATCH = YES;
				"CODE_SIGN_IDENTITY[sdk=iphoneos*]" = "iPhone Developer";
				COPY_PHASE_STRIP = NO;
				DEBUG_INFORMATION_FORMAT = "dwarf-with-dsym";
				ENABLE_NS_ASSERTIONS = NO;
				ENABLE_STRICT_OBJC_MSGSEND = YES;
				GCC_C_LANGUAGE_STANDARD = gnu99;
				GCC_NO_COMMON_BLOCKS = YES;
				GCC_WARN_64_TO_32_BIT_CONVERSION = YES;
				GCC_WARN_ABOUT_RETURN_TYPE = YES_ERROR;
				GCC_WARN_UNDECLARED_SELECTOR = YES;
				GCC_WARN_UNINITIALIZED_AUTOS = YES_AGGRESSIVE;
				GCC_WARN_UNUSED_FUNCTION = YES;
				GCC_WARN_UNUSED_VARIABLE = YES;
				IPHONEOS_DEPLOYMENT_TARGET = 8.4;
				MTL_ENABLE_DEBUG_INFO = NO;
				SDKROOT = iphoneos;
				VALIDATE_PRODUCT = YES;
			};
			name = Release;
		};
		AAD307C81B9DFC4400CB6A28 /* Debug */ = {
			isa = XCBuildConfiguration;
			buildSettings = {
				ASSETCATALOG_COMPILER_APPICON_NAME = AppIcon;
				INFOPLIST_FILE = MyScrollView/Info.plist;
				LD_RUNPATH_SEARCH_PATHS = "$(inherited) @executable_path/Frameworks";
				PRODUCT_NAME = "$(TARGET_NAME)";
			};
			name = Debug;
		};
		AAD307C91B9DFC4400CB6A28 /* Release */ = {
			isa = XCBuildConfiguration;
			buildSettings = {
				ASSETCATALOG_COMPILER_APPICON_NAME = AppIcon;
				INFOPLIST_FILE = MyScrollView/Info.plist;
				LD_RUNPATH_SEARCH_PATHS = "$(inherited) @executable_path/Frameworks";
				PRODUCT_NAME = "$(TARGET_NAME)";
			};
			name = Release;
		};
		AAD307CB1B9DFC4400CB6A28 /* Debug */ = {
			isa = XCBuildConfiguration;
			buildSettings = {
				BUNDLE_LOADER = "$(TEST_HOST)";
				FRAMEWORK_SEARCH_PATHS = (
					"$(SDKROOT)/Developer/Library/Frameworks",
					"$(inherited)",
				);
				GCC_PREPROCESSOR_DEFINITIONS = (
					"DEBUG=1",
					"$(inherited)",
				);
				INFOPLIST_FILE = MyScrollViewTests/Info.plist;
				LD_RUNPATH_SEARCH_PATHS = "$(inherited) @executable_path/Frameworks @loader_path/Frameworks";
				PRODUCT_NAME = "$(TARGET_NAME)";
				TEST_HOST = "$(BUILT_PRODUCTS_DIR)/MyScrollView.app/MyScrollView";
			};
			name = Debug;
		};
		AAD307CC1B9DFC4400CB6A28 /* Release */ = {
			isa = XCBuildConfiguration;
			buildSettings = {
				BUNDLE_LOADER = "$(TEST_HOST)";
				FRAMEWORK_SEARCH_PATHS = (
					"$(SDKROOT)/Developer/Library/Frameworks",
					"$(inherited)",
				);
				INFOPLIST_FILE = MyScrollViewTests/Info.plist;
				LD_RUNPATH_SEARCH_PATHS = "$(inherited) @executable_path/Frameworks @loader_path/Frameworks";
				PRODUCT_NAME = "$(TARGET_NAME)";
				TEST_HOST = "$(BUILT_PRODUCTS_DIR)/MyScrollView.app/MyScrollView";
			};
			name = Release;
		};
/* End XCBuildConfiguration section */

/* Begin XCConfigurationList section */
		AAD3079F1B9DFC4400CB6A28 /* Build configuration list for PBXProject "MyScrollView" */ = {
			isa = XCConfigurationList;
			buildConfigurations = (
				AAD307C51B9DFC4400CB6A28 /* Debug */,
				AAD307C61B9DFC4400CB6A28 /* Release */,
			);
			defaultConfigurationIsVisible = 0;
			defaultConfigurationName = Release;
		};
		AAD307C71B9DFC4400CB6A28 /* Build configuration list for PBXNativeTarget "MyScrollView" */ = {
			isa = XCConfigurationList;
			buildConfigurations = (
				AAD307C81B9DFC4400CB6A28 /* Debug */,
				AAD307C91B9DFC4400CB6A28 /* Release */,
			);
			defaultConfigurationIsVisible = 0;
			defaultConfigurationName = Release;
		};
		AAD307CA1B9DFC4400CB6A28 /* Build configuration list for PBXNativeTarget "MyScrollViewTests" */ = {
			isa = XCConfigurationList;
			buildConfigurations = (
				AAD307CB1B9DFC4400CB6A28 /* Debug */,
				AAD307CC1B9DFC4400CB6A28 /* Release */,
			);
			defaultConfigurationIsVisible = 0;
			defaultConfigurationName = Release;
		};
/* End XCConfigurationList section */
	};
	rootObject = AAD3079C1B9DFC4400CB6A28 /* Project object */;
}
